
Microsoft Visual Studio Solution File, Format Version 12.00
# Visual Studio 15
VisualStudioVersion = 15.0.27703.2035
MinimumVisualStudioVersion = 10.0.40219.1
Project("{FAE04EC0-301F-11D3-BF4B-00C04F79EFBC}") = "DataMapping", "DataMapping\DataMapping.csproj", "{BFF52A50-BD7E-4112-A7E0-9DD776F48979}"
EndProject
Project("{FAE04EC0-301F-11D3-BF4B-00C04F79EFBC}") = "PTrackHelper", "PTrackHelper\PTrackHelper.csproj", "{C887524D-34EF-4699-B10D-E5FFF3FFCEB4}"
EndProject
Project("{FAE04EC0-301F-11D3-BF4B-00C04F79EFBC}") = "PTrackApp", "PTrackApp\PTrackApp.csproj", "{CF9D4F9E-ED4C-40C9-98CF-F56C18642AA8}"
EndProject
Project("{FAE04EC0-301F-11D3-BF4B-00C04F79EFBC}") = "PTrackRobot", "PTrackRobot\PTrackRobot.csproj", "{34995E95-99B9-4DA8-A240-F6F04F1B7988}"
EndProject
Global
	GlobalSection(SolutionConfigurationPlatforms) = preSolution
		Debug|Any CPU = Debug|Any CPU
		Release|Any CPU = Release|Any CPU
	EndGlobalSection
	GlobalSection(ProjectConfigurationPlatforms) = postSolution
		{BFF52A50-BD7E-4112-A7E0-9DD776F48979}.Debug|Any CPU.ActiveCfg = Debug|Any CPU
		{BFF52A50-BD7E-4112-A7E0-9DD776F48979}.Debug|Any CPU.Build.0 = Debug|Any CPU
		{BFF52A50-BD7E-4112-A7E0-9DD776F48979}.Release|Any CPU.ActiveCfg = Release|Any CPU
		{BFF52A50-BD7E-4112-A7E0-9DD776F48979}.Release|Any CPU.Build.0 = Release|Any CPU
		{C887524D-34EF-4699-B10D-E5FFF3FFCEB4}.Debug|Any CPU.ActiveCfg = Debug|Any CPU
		{C887524D-34EF-4699-B10D-E5FFF3FFCEB4}.Debug|Any CPU.Build.0 = Debug|Any CPU
		{C887524D-34EF-4699-B10D-E5FFF3FFCEB4}.Release|Any CPU.ActiveCfg = Release|Any CPU
		{C887524D-34EF-4699-B10D-E5FFF3FFCEB4}.Release|Any CPU.Build.0 = Release|Any CPU
		{CF9D4F9E-ED4C-40C9-98CF-F56C18642AA8}.Debug|Any CPU.ActiveCfg = Debug|Any CPU
		{CF9D4F9E-ED4C-40C9-98CF-F56C18642AA8}.Debug|Any CPU.Build.0 = Debug|Any CPU
		{CF9D4F9E-ED4C-40C9-98CF-F56C18642AA8}.Release|Any CPU.ActiveCfg = Release|Any CPU
		{CF9D4F9E-ED4C-40C9-98CF-F56C18642AA8}.Release|Any CPU.Build.0 = Release|Any CPU
		{34995E95-99B9-4DA8-A240-F6F04F1B7988}.Debug|Any CPU.ActiveCfg = Debug|Any CPU
		{34995E95-99B9-4DA8-A240-F6F04F1B7988}.Debug|Any CPU.Build.0 = Debug|Any CPU
		{34995E95-99B9-4DA8-A240-F6F04F1B7988}.Release|Any CPU.ActiveCfg = Release|Any CPU
		{34995E95-99B9-4DA8-A240-F6F04F1B7988}.Release|Any CPU.Build.0 = Release|Any CPU
	EndGlobalSection
	GlobalSection(SolutionProperties) = preSolution
		HideSolutionNode = FALSE
	EndGlobalSection
	GlobalSection(ExtensibilityGlobals) = postSolution
		SolutionGuid = {0EEBCB69-9005-498E-90F9-83AA3E1420AE}
	EndGlobalSection
EndGlobal
